
Microsoft Visual Studio Solution File, Format Version 12.00
# Visual Studio 2012
Project("{2150E333-8FDC-42A3-9474-1A3956D46DE8}") = "10 Common", "10 Common", "{0E0A9A9F-1FF2-4635-A2F9-F9BD8D609410}"
EndProject
Project("{2150E333-8FDC-42A3-9474-1A3956D46DE8}") = "20 Service", "20 Service", "{15C1CCC5-0582-4AD0-A78B-890A26D30D78}"
EndProject
Project("{2150E333-8FDC-42A3-9474-1A3956D46DE8}") = "30 Client", "30 Client", "{9659180C-1F70-4B8D-BC7B-FEA5AA1879D9}"
EndProject
Project("{2150E333-8FDC-42A3-9474-1A3956D46DE8}") = "21 Entities", "21 Entities", "{B7E1C853-70AF-4C82-ABE5-708DD6572037}"
EndProject
Project("{2150E333-8FDC-42A3-9474-1A3956D46DE8}") = "22 Processes", "22 Processes", "{8F242FA2-7F2E-42F7-9682-1F74A3510CD4}"
EndProject
Project("{2150E333-8FDC-42A3-9474-1A3956D46DE8}") = "23 Controllers", "23 Controllers", "{FF067A56-F1E0-4358-BBBD-5F87D491851C}"
EndProject
Project("{2150E333-8FDC-42A3-9474-1A3956D46DE8}") = "24 Storage Repositories", "24 Storage Repositories", "{E468ABC8-FF81-42F9-88F0-954CC9F9D832}"
EndProject
Project("{FAE04EC0-301F-11D3-BF4B-00C04F79EFBC}") = "CC.Common.Base", "..\10 Common\CC.Common.Base\CC.Common.Base.csproj", "{B5DB934A-4FC9-4C0F-9FE0-2D31321D1FCA}"
EndProject
Project("{FAE04EC0-301F-11D3-BF4B-00C04F79EFBC}") = "CC.Service.DomainEntities", "..\20 Service\21 Entities\CC.Service.DomainEntities\CC.Service.DomainEntities.csproj", "{8120C1D5-E0C8-4AD0-AB88-1B54227F6384}"
EndProject
Project("{FAE04EC0-301F-11D3-BF4B-00C04F79EFBC}") = "CC.Common.Logging", "..\10 Common\CC.Common.Logging\CC.Common.Logging.csproj", "{74BFD2E2-6E03-4B0A-B14B-F3DB984FC1BF}"
EndProject
Project("{FAE04EC0-301F-11D3-BF4B-00C04F79EFBC}") = "CC.Common.Helpers", "..\10 Common\CC.Common.Helpers\CC.Common.Helpers.csproj", "{968D432A-A685-4A72-9979-ACD5925E9C0C}"
EndProject
Project("{FAE04EC0-301F-11D3-BF4B-00C04F79EFBC}") = "CC.Service.DomainProcesses", "..\20 Service\22 Processes\CC.Service.DomainProcesses\CC.Service.DomainProcesses.csproj", "{FCDE0051-144D-47A3-9914-71761C5B9276}"
EndProject
Project("{FAE04EC0-301F-11D3-BF4B-00C04F79EFBC}") = "CC.Service.DataRepositoryContracts", "..\20 Service\24 Storage Repositories\CC.Service.DataRepositoryContracts\CC.Service.DataRepositoryContracts.csproj", "{DBCBA866-1EF1-4374-8287-C5E434E8B41A}"
EndProject
Project("{FAE04EC0-301F-11D3-BF4B-00C04F79EFBC}") = "CC.Service.DataRepository", "..\20 Service\24 Storage Repositories\CC.Service.DataRepository\CC.Service.DataRepository.csproj", "{0A3AC25A-6BD3-4B92-A2DB-5406877AEEB6}"
EndProject
Project("{FAE04EC0-301F-11D3-BF4B-00C04F79EFBC}") = "CC.Service.SystemResources", "..\20 Service\23 Controllers\CC.Service.SystemResources\CC.Service.SystemResources.csproj", "{B79E2653-D39A-4DCC-9FE5-98A7D0C16786}"
EndProject
Project("{FAE04EC0-301F-11D3-BF4B-00C04F79EFBC}") = "CC.Service.Controllers", "..\20 Service\23 Controllers\CC.Service.Controllers\CC.Service.Controllers.csproj", "{CEF13B4B-DC42-417E-88BD-856CFC48A4F2}"
EndProject
Project("{FAE04EC0-301F-11D3-BF4B-00C04F79EFBC}") = "CC.Service.ControllerInstance", "..\20 Service\23 Controllers\CC.Service.ControllerInstance\CC.Service.ControllerInstance.csproj", "{53898C0A-D1AC-4E4C-B6C1-B82350CB9144}"
EndProject
Project("{FAE04EC0-301F-11D3-BF4B-00C04F79EFBC}") = "CC.Client.Web", "..\30 Client\CC.Client.Web\CC.Client.Web.csproj", "{BC6BDBC2-C9CC-44D2-BDE3-9F06D181135B}"
EndProject
Project("{FAE04EC0-301F-11D3-BF4B-00C04F79EFBC}") = "CC.Client.Web.Security", "..\30 Client\CC.Client.Web.Security\CC.Client.Web.Security.csproj", "{4F1FAB04-320E-4AC1-BE9A-9D98CF0896C7}"
EndProject
Global
	GlobalSection(SolutionConfigurationPlatforms) = preSolution
		Debug|Any CPU = Debug|Any CPU
		Release|Any CPU = Release|Any CPU
	EndGlobalSection
	GlobalSection(ProjectConfigurationPlatforms) = postSolution
		{B5DB934A-4FC9-4C0F-9FE0-2D31321D1FCA}.Debug|Any CPU.ActiveCfg = Debug|Any CPU
		{B5DB934A-4FC9-4C0F-9FE0-2D31321D1FCA}.Debug|Any CPU.Build.0 = Debug|Any CPU
		{B5DB934A-4FC9-4C0F-9FE0-2D31321D1FCA}.Release|Any CPU.ActiveCfg = Release|Any CPU
		{B5DB934A-4FC9-4C0F-9FE0-2D31321D1FCA}.Release|Any CPU.Build.0 = Release|Any CPU
		{8120C1D5-E0C8-4AD0-AB88-1B54227F6384}.Debug|Any CPU.ActiveCfg = Debug|Any CPU
		{8120C1D5-E0C8-4AD0-AB88-1B54227F6384}.Debug|Any CPU.Build.0 = Debug|Any CPU
		{8120C1D5-E0C8-4AD0-AB88-1B54227F6384}.Release|Any CPU.ActiveCfg = Release|Any CPU
		{8120C1D5-E0C8-4AD0-AB88-1B54227F6384}.Release|Any CPU.Build.0 = Release|Any CPU
		{74BFD2E2-6E03-4B0A-B14B-F3DB984FC1BF}.Debug|Any CPU.ActiveCfg = Debug|Any CPU
		{74BFD2E2-6E03-4B0A-B14B-F3DB984FC1BF}.Debug|Any CPU.Build.0 = Debug|Any CPU
		{74BFD2E2-6E03-4B0A-B14B-F3DB984FC1BF}.Release|Any CPU.ActiveCfg = Release|Any CPU
		{74BFD2E2-6E03-4B0A-B14B-F3DB984FC1BF}.Release|Any CPU.Build.0 = Release|Any CPU
		{968D432A-A685-4A72-9979-ACD5925E9C0C}.Debug|Any CPU.ActiveCfg = Debug|Any CPU
		{968D432A-A685-4A72-9979-ACD5925E9C0C}.Debug|Any CPU.Build.0 = Debug|Any CPU
		{968D432A-A685-4A72-9979-ACD5925E9C0C}.Release|Any CPU.ActiveCfg = Release|Any CPU
		{968D432A-A685-4A72-9979-ACD5925E9C0C}.Release|Any CPU.Build.0 = Release|Any CPU
		{FCDE0051-144D-47A3-9914-71761C5B9276}.Debug|Any CPU.ActiveCfg = Debug|Any CPU
		{FCDE0051-144D-47A3-9914-71761C5B9276}.Debug|Any CPU.Build.0 = Debug|Any CPU
		{FCDE0051-144D-47A3-9914-71761C5B9276}.Release|Any CPU.ActiveCfg = Release|Any CPU
		{FCDE0051-144D-47A3-9914-71761C5B9276}.Release|Any CPU.Build.0 = Release|Any CPU
		{DBCBA866-1EF1-4374-8287-C5E434E8B41A}.Debug|Any CPU.ActiveCfg = Debug|Any CPU
		{DBCBA866-1EF1-4374-8287-C5E434E8B41A}.Debug|Any CPU.Build.0 = Debug|Any CPU
		{DBCBA866-1EF1-4374-8287-C5E434E8B41A}.Release|Any CPU.ActiveCfg = Release|Any CPU
		{DBCBA866-1EF1-4374-8287-C5E434E8B41A}.Release|Any CPU.Build.0 = Release|Any CPU
		{0A3AC25A-6BD3-4B92-A2DB-5406877AEEB6}.Debug|Any CPU.ActiveCfg = Debug|Any CPU
		{0A3AC25A-6BD3-4B92-A2DB-5406877AEEB6}.Debug|Any CPU.Build.0 = Debug|Any CPU
		{0A3AC25A-6BD3-4B92-A2DB-5406877AEEB6}.Release|Any CPU.ActiveCfg = Release|Any CPU
		{0A3AC25A-6BD3-4B92-A2DB-5406877AEEB6}.Release|Any CPU.Build.0 = Release|Any CPU
		{B79E2653-D39A-4DCC-9FE5-98A7D0C16786}.Debug|Any CPU.ActiveCfg = Debug|Any CPU
		{B79E2653-D39A-4DCC-9FE5-98A7D0C16786}.Debug|Any CPU.Build.0 = Debug|Any CPU
		{B79E2653-D39A-4DCC-9FE5-98A7D0C16786}.Release|Any CPU.ActiveCfg = Release|Any CPU
		{B79E2653-D39A-4DCC-9FE5-98A7D0C16786}.Release|Any CPU.Build.0 = Release|Any CPU
		{CEF13B4B-DC42-417E-88BD-856CFC48A4F2}.Debug|Any CPU.ActiveCfg = Debug|Any CPU
		{CEF13B4B-DC42-417E-88BD-856CFC48A4F2}.Debug|Any CPU.Build.0 = Debug|Any CPU
		{CEF13B4B-DC42-417E-88BD-856CFC48A4F2}.Release|Any CPU.ActiveCfg = Release|Any CPU
		{CEF13B4B-DC42-417E-88BD-856CFC48A4F2}.Release|Any CPU.Build.0 = Release|Any CPU
		{53898C0A-D1AC-4E4C-B6C1-B82350CB9144}.Debug|Any CPU.ActiveCfg = Debug|Any CPU
		{53898C0A-D1AC-4E4C-B6C1-B82350CB9144}.Debug|Any CPU.Build.0 = Debug|Any CPU
		{53898C0A-D1AC-4E4C-B6C1-B82350CB9144}.Release|Any CPU.ActiveCfg = Release|Any CPU
		{53898C0A-D1AC-4E4C-B6C1-B82350CB9144}.Release|Any CPU.Build.0 = Release|Any CPU
		{BC6BDBC2-C9CC-44D2-BDE3-9F06D181135B}.Debug|Any CPU.ActiveCfg = Debug|Any CPU
		{BC6BDBC2-C9CC-44D2-BDE3-9F06D181135B}.Debug|Any CPU.Build.0 = Debug|Any CPU
		{BC6BDBC2-C9CC-44D2-BDE3-9F06D181135B}.Release|Any CPU.ActiveCfg = Release|Any CPU
		{BC6BDBC2-C9CC-44D2-BDE3-9F06D181135B}.Release|Any CPU.Build.0 = Release|Any CPU
		{4F1FAB04-320E-4AC1-BE9A-9D98CF0896C7}.Debug|Any CPU.ActiveCfg = Debug|Any CPU
		{4F1FAB04-320E-4AC1-BE9A-9D98CF0896C7}.Debug|Any CPU.Build.0 = Debug|Any CPU
		{4F1FAB04-320E-4AC1-BE9A-9D98CF0896C7}.Release|Any CPU.ActiveCfg = Release|Any CPU
		{4F1FAB04-320E-4AC1-BE9A-9D98CF0896C7}.Release|Any CPU.Build.0 = Release|Any CPU
	EndGlobalSection
	GlobalSection(SolutionProperties) = preSolution
		HideSolutionNode = FALSE
	EndGlobalSection
	GlobalSection(NestedProjects) = preSolution
		{B5DB934A-4FC9-4C0F-9FE0-2D31321D1FCA} = {0E0A9A9F-1FF2-4635-A2F9-F9BD8D609410}
		{74BFD2E2-6E03-4B0A-B14B-F3DB984FC1BF} = {0E0A9A9F-1FF2-4635-A2F9-F9BD8D609410}
		{968D432A-A685-4A72-9979-ACD5925E9C0C} = {0E0A9A9F-1FF2-4635-A2F9-F9BD8D609410}
		{B7E1C853-70AF-4C82-ABE5-708DD6572037} = {15C1CCC5-0582-4AD0-A78B-890A26D30D78}
		{8F242FA2-7F2E-42F7-9682-1F74A3510CD4} = {15C1CCC5-0582-4AD0-A78B-890A26D30D78}
		{FF067A56-F1E0-4358-BBBD-5F87D491851C} = {15C1CCC5-0582-4AD0-A78B-890A26D30D78}
		{E468ABC8-FF81-42F9-88F0-954CC9F9D832} = {15C1CCC5-0582-4AD0-A78B-890A26D30D78}
		{BC6BDBC2-C9CC-44D2-BDE3-9F06D181135B} = {9659180C-1F70-4B8D-BC7B-FEA5AA1879D9}
		{4F1FAB04-320E-4AC1-BE9A-9D98CF0896C7} = {9659180C-1F70-4B8D-BC7B-FEA5AA1879D9}
		{8120C1D5-E0C8-4AD0-AB88-1B54227F6384} = {B7E1C853-70AF-4C82-ABE5-708DD6572037}
		{FCDE0051-144D-47A3-9914-71761C5B9276} = {8F242FA2-7F2E-42F7-9682-1F74A3510CD4}
		{B79E2653-D39A-4DCC-9FE5-98A7D0C16786} = {FF067A56-F1E0-4358-BBBD-5F87D491851C}
		{CEF13B4B-DC42-417E-88BD-856CFC48A4F2} = {FF067A56-F1E0-4358-BBBD-5F87D491851C}
		{53898C0A-D1AC-4E4C-B6C1-B82350CB9144} = {FF067A56-F1E0-4358-BBBD-5F87D491851C}
		{DBCBA866-1EF1-4374-8287-C5E434E8B41A} = {E468ABC8-FF81-42F9-88F0-954CC9F9D832}
		{0A3AC25A-6BD3-4B92-A2DB-5406877AEEB6} = {E468ABC8-FF81-42F9-88F0-954CC9F9D832}
	EndGlobalSection
EndGlobal
